// !$*UTF8*$!
{
	archiveVersion = 1;
	classes = {
	};
	objectVersion = 55;
	objects = {

/* Begin PBXBuildFile section */
		A80623E0280ADD1A0092F852 /* Colors.xcassets in Resources */ = {isa = PBXBuildFile; fileRef = A808B51B280AD4FB006E7C44 /* Colors.xcassets */; };
		A80623E1280ADD210092F852 /* swiftgen.yml in Sources */ = {isa = PBXBuildFile; fileRef = A80623D2280ADA540092F852 /* swiftgen.yml */; };
		A80623E5280AE09A0092F852 /* Resources.swift in Sources */ = {isa = PBXBuildFile; fileRef = A80623E3280AE09A0092F852 /* Resources.swift */; };
		A80623E6280AE09A0092F852 /* LocalizableStrings.swift in Sources */ = {isa = PBXBuildFile; fileRef = A80623E4280AE09A0092F852 /* LocalizableStrings.swift */; };
		A80623E8280AE73B0092F852 /* Images.xcassets in Resources */ = {isa = PBXBuildFile; fileRef = A80623E7280AE73B0092F852 /* Images.xcassets */; };
		A80623EC280AF4A70092F852 /* WeatherCellModel.swift in Sources */ = {isa = PBXBuildFile; fileRef = A80623EB280AF4A70092F852 /* WeatherCellModel.swift */; };
		A80623EF280AFD510092F852 /* ContactModel.swift in Sources */ = {isa = PBXBuildFile; fileRef = A80623EE280AFD510092F852 /* ContactModel.swift */; };
		A80623F3280B07460092F852 /* ToolbarMenu.swift in Sources */ = {isa = PBXBuildFile; fileRef = A80623F2280B07460092F852 /* ToolbarMenu.swift */; };
		A8067011281FC86600407498 /* Alamofire in Frameworks */ = {isa = PBXBuildFile; productRef = A8067010281FC86600407498 /* Alamofire */; };
		A808B4FA280AC2C6006E7C44 /* Constants.swift in Sources */ = {isa = PBXBuildFile; fileRef = A808B4F9280AC2C6006E7C44 /* Constants.swift */; };
		A808B4FD280AC9C8006E7C44 /* DepartureDetailView.swift in Sources */ = {isa = PBXBuildFile; fileRef = A808B4FC280AC9C8006E7C44 /* DepartureDetailView.swift */; };
		A808B4FF280AC9D2006E7C44 /* DepartureDetailViewModel.swift in Sources */ = {isa = PBXBuildFile; fileRef = A808B4FE280AC9D2006E7C44 /* DepartureDetailViewModel.swift */; };
		A808B501280AC9FE006E7C44 /* DepartureCellModel.swift in Sources */ = {isa = PBXBuildFile; fileRef = A808B500280AC9FE006E7C44 /* DepartureCellModel.swift */; };
		A808B503280ACCD7006E7C44 /* Localizable.strings in Resources */ = {isa = PBXBuildFile; fileRef = A808B502280ACCD7006E7C44 /* Localizable.strings */; };
		A84D0C51281BDBF6002A424B /* .gitignore in Resources */ = {isa = PBXBuildFile; fileRef = A84D0C50281BDBF6002A424B /* .gitignore */; };
		A8546871281C068300B73191 /* ResolverRegister.swift in Sources */ = {isa = PBXBuildFile; fileRef = A8546870281C068300B73191 /* ResolverRegister.swift */; };
		A8546873281C06CF00B73191 /* AirportApiModule.swift in Sources */ = {isa = PBXBuildFile; fileRef = A8546872281C06CF00B73191 /* AirportApiModule.swift */; };
		A8546875281C06F100B73191 /* WeatherApiModule.swift in Sources */ = {isa = PBXBuildFile; fileRef = A8546874281C06F100B73191 /* WeatherApiModule.swift */; };
		A86C65DA27D5EFFB00FE38A6 /* arhAirportApp.swift in Sources */ = {isa = PBXBuildFile; fileRef = A86C65CA27D5EFF900FE38A6 /* arhAirportApp.swift */; };
		A86C65DC27D5EFFB00FE38A6 /* ContentView.swift in Sources */ = {isa = PBXBuildFile; fileRef = A86C65CB27D5EFF900FE38A6 /* ContentView.swift */; };
		A86C65EE27D5F1F700FE38A6 /* DepartureView.swift in Sources */ = {isa = PBXBuildFile; fileRef = A86C65ED27D5F1F700FE38A6 /* DepartureView.swift */; };
		A86C65F027D5F21400FE38A6 /* DepartureViewModel.swift in Sources */ = {isa = PBXBuildFile; fileRef = A86C65EF27D5F21400FE38A6 /* DepartureViewModel.swift */; };
		A86C65F327D5F38100FE38A6 /* ArrivalView.swift in Sources */ = {isa = PBXBuildFile; fileRef = A86C65F227D5F38100FE38A6 /* ArrivalView.swift */; };
		A86C65F527D5F38B00FE38A6 /* ArrivalViewModel.swift in Sources */ = {isa = PBXBuildFile; fileRef = A86C65F427D5F38B00FE38A6 /* ArrivalViewModel.swift */; };
		A86C65F727D5F3A200FE38A6 /* WeatherView.swift in Sources */ = {isa = PBXBuildFile; fileRef = A86C65F627D5F3A200FE38A6 /* WeatherView.swift */; };
		A86C65F927D5F3AD00FE38A6 /* WeatherViewModel.swift in Sources */ = {isa = PBXBuildFile; fileRef = A86C65F827D5F3AD00FE38A6 /* WeatherViewModel.swift */; };
		A86C65FB27D5F44600FE38A6 /* ContactView.swift in Sources */ = {isa = PBXBuildFile; fileRef = A86C65FA27D5F44600FE38A6 /* ContactView.swift */; };
		A86C65FD27D5F44E00FE38A6 /* ContactViewModel.swift in Sources */ = {isa = PBXBuildFile; fileRef = A86C65FC27D5F44E00FE38A6 /* ContactViewModel.swift */; };
		A86C660127D63D2D00FE38A6 /* RootTabView.swift in Sources */ = {isa = PBXBuildFile; fileRef = A86C660027D63D2D00FE38A6 /* RootTabView.swift */; };
		A8A26BF2281EADA200B5365B /* Persistant in Frameworks */ = {isa = PBXBuildFile; productRef = A8A26BF1281EADA200B5365B /* Persistant */; };
		A8A26BF7281FB82700B5365B /* Realm in Frameworks */ = {isa = PBXBuildFile; productRef = A8A26BF6281FB82700B5365B /* Realm */; };
		A8A26BF9281FB82700B5365B /* RealmSwift in Frameworks */ = {isa = PBXBuildFile; productRef = A8A26BF8281FB82700B5365B /* RealmSwift */; };
		A8A26BFC281FB8A400B5365B /* Resolver in Frameworks */ = {isa = PBXBuildFile; productRef = A8A26BFB281FB8A400B5365B /* Resolver */; };
		A8AC6CD527F83EB300CD0AFC /* ArrivalCellModel.swift in Sources */ = {isa = PBXBuildFile; fileRef = A8AC6CD427F83EB300CD0AFC /* ArrivalCellModel.swift */; };
		A8AC6CD827F8485C00CD0AFC /* ArrivalDetailView.swift in Sources */ = {isa = PBXBuildFile; fileRef = A8AC6CD727F8485C00CD0AFC /* ArrivalDetailView.swift */; };
		A8AC6CDA27F8486500CD0AFC /* ArrivalDetailViewModel.swift in Sources */ = {isa = PBXBuildFile; fileRef = A8AC6CD927F8486500CD0AFC /* ArrivalDetailViewModel.swift */; };
/* End PBXBuildFile section */

/* Begin PBXFileReference section */
		A80623D2280ADA540092F852 /* swiftgen.yml */ = {isa = PBXFileReference; fileEncoding = 4; lastKnownFileType = text.yaml; path = swiftgen.yml; sourceTree = "<group>"; };
		A80623E3280AE09A0092F852 /* Resources.swift */ = {isa = PBXFileReference; fileEncoding = 4; lastKnownFileType = sourcecode.swift; path = Resources.swift; sourceTree = "<group>"; };
		A80623E4280AE09A0092F852 /* LocalizableStrings.swift */ = {isa = PBXFileReference; fileEncoding = 4; lastKnownFileType = sourcecode.swift; path = LocalizableStrings.swift; sourceTree = "<group>"; };
		A80623E7280AE73B0092F852 /* Images.xcassets */ = {isa = PBXFileReference; lastKnownFileType = folder.assetcatalog; path = Images.xcassets; sourceTree = "<group>"; };
		A80623EB280AF4A70092F852 /* WeatherCellModel.swift */ = {isa = PBXFileReference; lastKnownFileType = sourcecode.swift; path = WeatherCellModel.swift; sourceTree = "<group>"; };
		A80623EE280AFD510092F852 /* ContactModel.swift */ = {isa = PBXFileReference; lastKnownFileType = sourcecode.swift; path = ContactModel.swift; sourceTree = "<group>"; };
		A80623F2280B07460092F852 /* ToolbarMenu.swift */ = {isa = PBXFileReference; lastKnownFileType = sourcecode.swift; path = ToolbarMenu.swift; sourceTree = "<group>"; };
		A808B4F9280AC2C6006E7C44 /* Constants.swift */ = {isa = PBXFileReference; lastKnownFileType = sourcecode.swift; path = Constants.swift; sourceTree = "<group>"; };
		A808B4FC280AC9C8006E7C44 /* DepartureDetailView.swift */ = {isa = PBXFileReference; lastKnownFileType = sourcecode.swift; path = DepartureDetailView.swift; sourceTree = "<group>"; };
		A808B4FE280AC9D2006E7C44 /* DepartureDetailViewModel.swift */ = {isa = PBXFileReference; lastKnownFileType = sourcecode.swift; path = DepartureDetailViewModel.swift; sourceTree = "<group>"; };
		A808B500280AC9FE006E7C44 /* DepartureCellModel.swift */ = {isa = PBXFileReference; lastKnownFileType = sourcecode.swift; path = DepartureCellModel.swift; sourceTree = "<group>"; };
		A808B502280ACCD7006E7C44 /* Localizable.strings */ = {isa = PBXFileReference; lastKnownFileType = text.plist.strings; path = Localizable.strings; sourceTree = "<group>"; };
		A808B51B280AD4FB006E7C44 /* Colors.xcassets */ = {isa = PBXFileReference; lastKnownFileType = folder.assetcatalog; path = Colors.xcassets; sourceTree = "<group>"; };
		A84D0C50281BDBF6002A424B /* .gitignore */ = {isa = PBXFileReference; fileEncoding = 4; lastKnownFileType = text; path = .gitignore; sourceTree = "<group>"; };
		A8546870281C068300B73191 /* ResolverRegister.swift */ = {isa = PBXFileReference; lastKnownFileType = sourcecode.swift; path = ResolverRegister.swift; sourceTree = "<group>"; };
		A8546872281C06CF00B73191 /* AirportApiModule.swift */ = {isa = PBXFileReference; lastKnownFileType = sourcecode.swift; path = AirportApiModule.swift; sourceTree = "<group>"; };
		A8546874281C06F100B73191 /* WeatherApiModule.swift */ = {isa = PBXFileReference; lastKnownFileType = sourcecode.swift; path = WeatherApiModule.swift; sourceTree = "<group>"; };
		A86C65CA27D5EFF900FE38A6 /* arhAirportApp.swift */ = {isa = PBXFileReference; lastKnownFileType = sourcecode.swift; path = arhAirportApp.swift; sourceTree = "<group>"; };
		A86C65CB27D5EFF900FE38A6 /* ContentView.swift */ = {isa = PBXFileReference; lastKnownFileType = sourcecode.swift; path = ContentView.swift; sourceTree = "<group>"; };
		A86C65D127D5EFFB00FE38A6 /* arhAirport.app */ = {isa = PBXFileReference; explicitFileType = wrapper.application; includeInIndex = 0; path = arhAirport.app; sourceTree = BUILT_PRODUCTS_DIR; };
		A86C65ED27D5F1F700FE38A6 /* DepartureView.swift */ = {isa = PBXFileReference; lastKnownFileType = sourcecode.swift; path = DepartureView.swift; sourceTree = "<group>"; };
		A86C65EF27D5F21400FE38A6 /* DepartureViewModel.swift */ = {isa = PBXFileReference; lastKnownFileType = sourcecode.swift; path = DepartureViewModel.swift; sourceTree = "<group>"; };
		A86C65F227D5F38100FE38A6 /* ArrivalView.swift */ = {isa = PBXFileReference; lastKnownFileType = sourcecode.swift; path = ArrivalView.swift; sourceTree = "<group>"; };
		A86C65F427D5F38B00FE38A6 /* ArrivalViewModel.swift */ = {isa = PBXFileReference; lastKnownFileType = sourcecode.swift; path = ArrivalViewModel.swift; sourceTree = "<group>"; };
		A86C65F627D5F3A200FE38A6 /* WeatherView.swift */ = {isa = PBXFileReference; lastKnownFileType = sourcecode.swift; path = WeatherView.swift; sourceTree = "<group>"; };
		A86C65F827D5F3AD00FE38A6 /* WeatherViewModel.swift */ = {isa = PBXFileReference; lastKnownFileType = sourcecode.swift; path = WeatherViewModel.swift; sourceTree = "<group>"; };
		A86C65FA27D5F44600FE38A6 /* ContactView.swift */ = {isa = PBXFileReference; lastKnownFileType = sourcecode.swift; path = ContactView.swift; sourceTree = "<group>"; };
		A86C65FC27D5F44E00FE38A6 /* ContactViewModel.swift */ = {isa = PBXFileReference; lastKnownFileType = sourcecode.swift; path = ContactViewModel.swift; sourceTree = "<group>"; };
		A86C660027D63D2D00FE38A6 /* RootTabView.swift */ = {isa = PBXFileReference; lastKnownFileType = sourcecode.swift; path = RootTabView.swift; sourceTree = "<group>"; };
		A8A26BEF281EAD9C00B5365B /* arhAirport--iOS--Info.plist */ = {isa = PBXFileReference; lastKnownFileType = text.plist; path = "arhAirport--iOS--Info.plist"; sourceTree = "<group>"; };
		A8AC6CD427F83EB300CD0AFC /* ArrivalCellModel.swift */ = {isa = PBXFileReference; lastKnownFileType = sourcecode.swift; path = ArrivalCellModel.swift; sourceTree = "<group>"; };
		A8AC6CD727F8485C00CD0AFC /* ArrivalDetailView.swift */ = {isa = PBXFileReference; lastKnownFileType = sourcecode.swift; path = ArrivalDetailView.swift; sourceTree = "<group>"; };
		A8AC6CD927F8486500CD0AFC /* ArrivalDetailViewModel.swift */ = {isa = PBXFileReference; lastKnownFileType = sourcecode.swift; path = ArrivalDetailViewModel.swift; sourceTree = "<group>"; };
/* End PBXFileReference section */

/* Begin PBXFrameworksBuildPhase section */
		A86C65CE27D5EFFB00FE38A6 /* Frameworks */ = {
			isa = PBXFrameworksBuildPhase;
			buildActionMask = 2147483647;
			files = (
				A8067011281FC86600407498 /* Alamofire in Frameworks */,
				A8A26BF9281FB82700B5365B /* RealmSwift in Frameworks */,
				A8A26BF7281FB82700B5365B /* Realm in Frameworks */,
				A8A26BFC281FB8A400B5365B /* Resolver in Frameworks */,
				A8A26BF2281EADA200B5365B /* Persistant in Frameworks */,
			);
			runOnlyForDeploymentPostprocessing = 0;
		};
/* End PBXFrameworksBuildPhase section */

/* Begin PBXGroup section */
		A80623E2280AE09A0092F852 /* Generated */ = {
			isa = PBXGroup;
			children = (
				A80623E3280AE09A0092F852 /* Resources.swift */,
				A80623E4280AE09A0092F852 /* LocalizableStrings.swift */,
			);
			path = Generated;
			sourceTree = "<group>";
		};
		A80623E9280AF47E0092F852 /* Model */ = {
			isa = PBXGroup;
			children = (
				A80623EB280AF4A70092F852 /* WeatherCellModel.swift */,
			);
			path = Model;
			sourceTree = "<group>";
		};
		A80623EA280AF48F0092F852 /* Model */ = {
			isa = PBXGroup;
			children = (
				A8AC6CD427F83EB300CD0AFC /* ArrivalCellModel.swift */,
			);
			path = Model;
			sourceTree = "<group>";
		};
		A80623ED280AFD370092F852 /* Model */ = {
			isa = PBXGroup;
			children = (
				A80623EE280AFD510092F852 /* ContactModel.swift */,
			);
			path = Model;
			sourceTree = "<group>";
		};
		A80623F0280B06610092F852 /* Model */ = {
			isa = PBXGroup;
			children = (
				A808B500280AC9FE006E7C44 /* DepartureCellModel.swift */,
			);
			path = Model;
			sourceTree = "<group>";
		};
		A80623F1280B071F0092F852 /* SupportView */ = {
			isa = PBXGroup;
			children = (
				A80623F2280B07460092F852 /* ToolbarMenu.swift */,
			);
			path = SupportView;
			sourceTree = "<group>";
		};
		A808B4F8280AC2B4006E7C44 /* Model */ = {
			isa = PBXGroup;
			children = (
				A808B4F9280AC2C6006E7C44 /* Constants.swift */,
			);
			path = Model;
			sourceTree = "<group>";
		};
		A808B4FB280AC9B9006E7C44 /* DepartureDetail */ = {
			isa = PBXGroup;
			children = (
				A808B4FC280AC9C8006E7C44 /* DepartureDetailView.swift */,
				A808B4FE280AC9D2006E7C44 /* DepartureDetailViewModel.swift */,
			);
			path = DepartureDetail;
			sourceTree = "<group>";
		};
		A854686E281C05BA00B73191 /* Core */ = {
			isa = PBXGroup;
			children = (
				A854686F281C05CA00B73191 /* DI */,
			);
			path = Core;
			sourceTree = "<group>";
		};
		A854686F281C05CA00B73191 /* DI */ = {
			isa = PBXGroup;
			children = (
				A8546870281C068300B73191 /* ResolverRegister.swift */,
				A8546872281C06CF00B73191 /* AirportApiModule.swift */,
				A8546874281C06F100B73191 /* WeatherApiModule.swift */,
			);
			path = DI;
			sourceTree = "<group>";
		};
		A86C65C427D5EFF800FE38A6 = {
			isa = PBXGroup;
			children = (
				A8A26BEF281EAD9C00B5365B /* arhAirport--iOS--Info.plist */,
				A854686E281C05BA00B73191 /* Core */,
				A80623D2280ADA540092F852 /* swiftgen.yml */,
				A84D0C50281BDBF6002A424B /* .gitignore */,
				A86C65F127D5F28100FE38A6 /* Flow */,
				A86C65EA27D5F15C00FE38A6 /* Resources */,
				A86C65D227D5EFFB00FE38A6 /* Products */,
				A8A26BF0281EADA200B5365B /* Frameworks */,
			);
			sourceTree = "<group>";
		};
		A86C65D227D5EFFB00FE38A6 /* Products */ = {
			isa = PBXGroup;
			children = (
				A86C65D127D5EFFB00FE38A6 /* arhAirport.app */,
			);
			name = Products;
			sourceTree = "<group>";
		};
		A86C65E827D5F12400FE38A6 /* Arrival */ = {
			isa = PBXGroup;
			children = (
				A80623EA280AF48F0092F852 /* Model */,
				A8AC6CD627F8484B00CD0AFC /* ArrivalDetail */,
				A86C65F227D5F38100FE38A6 /* ArrivalView.swift */,
				A86C65F427D5F38B00FE38A6 /* ArrivalViewModel.swift */,
			);
			path = Arrival;
			sourceTree = "<group>";
		};
		A86C65E927D5F13800FE38A6 /* Departure */ = {
			isa = PBXGroup;
			children = (
				A80623F0280B06610092F852 /* Model */,
				A808B4FB280AC9B9006E7C44 /* DepartureDetail */,
				A86C65ED27D5F1F700FE38A6 /* DepartureView.swift */,
				A86C65EF27D5F21400FE38A6 /* DepartureViewModel.swift */,
			);
			path = Departure;
			sourceTree = "<group>";
		};
		A86C65EA27D5F15C00FE38A6 /* Resources */ = {
			isa = PBXGroup;
			children = (
				A80623E2280AE09A0092F852 /* Generated */,
				A80623E7280AE73B0092F852 /* Images.xcassets */,
				A808B51B280AD4FB006E7C44 /* Colors.xcassets */,
				A808B502280ACCD7006E7C44 /* Localizable.strings */,
			);
			path = Resources;
			sourceTree = "<group>";
		};
		A86C65EB27D5F17A00FE38A6 /* Weather */ = {
			isa = PBXGroup;
			children = (
				A80623E9280AF47E0092F852 /* Model */,
				A86C65F627D5F3A200FE38A6 /* WeatherView.swift */,
				A86C65F827D5F3AD00FE38A6 /* WeatherViewModel.swift */,
			);
			path = Weather;
			sourceTree = "<group>";
		};
		A86C65EC27D5F18300FE38A6 /* Contact */ = {
			isa = PBXGroup;
			children = (
				A80623ED280AFD370092F852 /* Model */,
				A86C65FA27D5F44600FE38A6 /* ContactView.swift */,
				A86C65FC27D5F44E00FE38A6 /* ContactViewModel.swift */,
			);
			path = Contact;
			sourceTree = "<group>";
		};
		A86C65F127D5F28100FE38A6 /* Flow */ = {
			isa = PBXGroup;
			children = (
				A86C65CB27D5EFF900FE38A6 /* ContentView.swift */,
				A80623F1280B071F0092F852 /* SupportView */,
				A86C660027D63D2D00FE38A6 /* RootTabView.swift */,
				A86C65CA27D5EFF900FE38A6 /* arhAirportApp.swift */,
				A808B4F8280AC2B4006E7C44 /* Model */,
				A86C65E827D5F12400FE38A6 /* Arrival */,
				A86C65E927D5F13800FE38A6 /* Departure */,
				A86C65EB27D5F17A00FE38A6 /* Weather */,
				A86C65EC27D5F18300FE38A6 /* Contact */,
			);
			path = Flow;
			sourceTree = "<group>";
		};
		A8A26BF0281EADA200B5365B /* Frameworks */ = {
			isa = PBXGroup;
			children = (
			);
			name = Frameworks;
			sourceTree = "<group>";
		};
		A8AC6CD627F8484B00CD0AFC /* ArrivalDetail */ = {
			isa = PBXGroup;
			children = (
				A8AC6CD727F8485C00CD0AFC /* ArrivalDetailView.swift */,
				A8AC6CD927F8486500CD0AFC /* ArrivalDetailViewModel.swift */,
			);
			path = ArrivalDetail;
			sourceTree = "<group>";
		};
/* End PBXGroup section */

/* Begin PBXNativeTarget section */
		A86C65D027D5EFFB00FE38A6 /* arhAirport (iOS) */ = {
			isa = PBXNativeTarget;
			buildConfigurationList = A86C65E227D5EFFB00FE38A6 /* Build configuration list for PBXNativeTarget "arhAirport (iOS)" */;
			buildPhases = (
				A808B508280ACE90006E7C44 /* SwiftGen */,
				A86C65CD27D5EFFB00FE38A6 /* Sources */,
				A86C65CE27D5EFFB00FE38A6 /* Frameworks */,
				A86C65CF27D5EFFB00FE38A6 /* Resources */,
			);
			buildRules = (
			);
			dependencies = (
			);
			name = "arhAirport (iOS)";
			packageProductDependencies = (
				A8A26BF1281EADA200B5365B /* Persistant */,
				A8A26BF6281FB82700B5365B /* Realm */,
				A8A26BF8281FB82700B5365B /* RealmSwift */,
				A8A26BFB281FB8A400B5365B /* Resolver */,
				A8067010281FC86600407498 /* Alamofire */,
			);
			productName = "arhAirport (iOS)";
			productReference = A86C65D127D5EFFB00FE38A6 /* arhAirport.app */;
			productType = "com.apple.product-type.application";
		};
/* End PBXNativeTarget section */

/* Begin PBXProject section */
		A86C65C527D5EFF800FE38A6 /* Project object */ = {
			isa = PBXProject;
			attributes = {
				BuildIndependentTargetsInParallel = 1;
				LastSwiftUpdateCheck = 1320;
				LastUpgradeCheck = 1320;
				TargetAttributes = {
					A86C65D027D5EFFB00FE38A6 = {
						CreatedOnToolsVersion = 13.2.1;
					};
				};
			};
			buildConfigurationList = A86C65C827D5EFF800FE38A6 /* Build configuration list for PBXProject "arhAirport" */;
			compatibilityVersion = "Xcode 13.0";
			developmentRegion = en;
			hasScannedForEncodings = 0;
			knownRegions = (
				en,
				Base,
			);
			mainGroup = A86C65C427D5EFF800FE38A6;
			packageReferences = (
				A8A26BF5281FB82700B5365B /* XCRemoteSwiftPackageReference "realm-swift" */,
				A8A26BFA281FB8A400B5365B /* XCRemoteSwiftPackageReference "Resolver" */,
				A806700F281FC86600407498 /* XCRemoteSwiftPackageReference "Alamofire" */,
			);
			productRefGroup = A86C65D227D5EFFB00FE38A6 /* Products */;
			projectDirPath = "";
			projectRoot = "";
			targets = (
				A86C65D027D5EFFB00FE38A6 /* arhAirport (iOS) */,
			);
		};
/* End PBXProject section */

/* Begin PBXResourcesBuildPhase section */
		A86C65CF27D5EFFB00FE38A6 /* Resources */ = {
			isa = PBXResourcesBuildPhase;
			buildActionMask = 2147483647;
			files = (
				A84D0C51281BDBF6002A424B /* .gitignore in Resources */,
				A80623E0280ADD1A0092F852 /* Colors.xcassets in Resources */,
				A80623E8280AE73B0092F852 /* Images.xcassets in Resources */,
				A808B503280ACCD7006E7C44 /* Localizable.strings in Resources */,
			);
			runOnlyForDeploymentPostprocessing = 0;
		};
/* End PBXResourcesBuildPhase section */

/* Begin PBXShellScriptBuildPhase section */
		A808B508280ACE90006E7C44 /* SwiftGen */ = {
			isa = PBXShellScriptBuildPhase;
			buildActionMask = 2147483647;
			files = (
			);
			inputFileListPaths = (
			);
			inputPaths = (
				"$(SRCROOT)/Resources/Localizable.strings",
				"$(SRCROOT)/swiftgen.yml",
				"$(SRCROOT)/Resources/Images.xcassets",
				"$(SRCROOT)/Resources/Colors.xcassets",
			);
			name = SwiftGen;
			outputFileListPaths = (
			);
			outputPaths = (
				"$(SRCROOT)/Resources/Generated/LocalizableStrings.swift",
				"$(SRCROOT)/Resources/Generated/Resources.swift",
			);
			runOnlyForDeploymentPostprocessing = 0;
			shellPath = /bin/sh;
			shellScript = "export PATH=\"$PATH:/opt/homebrew/bin\"\n\nif which mint; then\n  mkdir -p Sources/Resources/Generated/\n  xcrun --sdk macosx mint run -m ../Mintfile swiftgen\nelse\n  echo \"warning: Mint not installed, download from https://github.com/yonaskolb/Mint\"\nfi\n";
		};
/* End PBXShellScriptBuildPhase section */

/* Begin PBXSourcesBuildPhase section */
		A86C65CD27D5EFFB00FE38A6 /* Sources */ = {
			isa = PBXSourcesBuildPhase;
			buildActionMask = 2147483647;
			files = (
				A80623E1280ADD210092F852 /* swiftgen.yml in Sources */,
				A8AC6CD527F83EB300CD0AFC /* ArrivalCellModel.swift in Sources */,
				A86C65F527D5F38B00FE38A6 /* ArrivalViewModel.swift in Sources */,
				A8546871281C068300B73191 /* ResolverRegister.swift in Sources */,
				A86C660127D63D2D00FE38A6 /* RootTabView.swift in Sources */,
				A80623F3280B07460092F852 /* ToolbarMenu.swift in Sources */,
				A80623EC280AF4A70092F852 /* WeatherCellModel.swift in Sources */,
				A86C65DC27D5EFFB00FE38A6 /* ContentView.swift in Sources */,
				A86C65EE27D5F1F700FE38A6 /* DepartureView.swift in Sources */,
				A86C65DA27D5EFFB00FE38A6 /* arhAirportApp.swift in Sources */,
				A808B501280AC9FE006E7C44 /* DepartureCellModel.swift in Sources */,
				A808B4FF280AC9D2006E7C44 /* DepartureDetailViewModel.swift in Sources */,
				A8546873281C06CF00B73191 /* AirportApiModule.swift in Sources */,
				A86C65FB27D5F44600FE38A6 /* ContactView.swift in Sources */,
				A8546875281C06F100B73191 /* WeatherApiModule.swift in Sources */,
				A86C65F327D5F38100FE38A6 /* ArrivalView.swift in Sources */,
				A80623EF280AFD510092F852 /* ContactModel.swift in Sources */,
				A86C65F927D5F3AD00FE38A6 /* WeatherViewModel.swift in Sources */,
				A86C65FD27D5F44E00FE38A6 /* ContactViewModel.swift in Sources */,
				A80623E5280AE09A0092F852 /* Resources.swift in Sources */,
				A8AC6CD827F8485C00CD0AFC /* ArrivalDetailView.swift in Sources */,
				A8AC6CDA27F8486500CD0AFC /* ArrivalDetailViewModel.swift in Sources */,
				A80623E6280AE09A0092F852 /* LocalizableStrings.swift in Sources */,
				A86C65F027D5F21400FE38A6 /* DepartureViewModel.swift in Sources */,
				A86C65F727D5F3A200FE38A6 /* WeatherView.swift in Sources */,
				A808B4FD280AC9C8006E7C44 /* DepartureDetailView.swift in Sources */,
				A808B4FA280AC2C6006E7C44 /* Constants.swift in Sources */,
			);
			runOnlyForDeploymentPostprocessing = 0;
		};
/* End PBXSourcesBuildPhase section */

/* Begin XCBuildConfiguration section */
		A86C65E027D5EFFB00FE38A6 /* Debug */ = {
			isa = XCBuildConfiguration;
			buildSettings = {
				ALWAYS_SEARCH_USER_PATHS = NO;
				CLANG_ANALYZER_NONNULL = YES;
				CLANG_ANALYZER_NUMBER_OBJECT_CONVERSION = YES_AGGRESSIVE;
				CLANG_CXX_LANGUAGE_STANDARD = "gnu++17";
				CLANG_CXX_LIBRARY = "libc++";
				CLANG_ENABLE_MODULES = YES;
				CLANG_ENABLE_OBJC_ARC = YES;
				CLANG_ENABLE_OBJC_WEAK = YES;
				CLANG_WARN_BLOCK_CAPTURE_AUTORELEASING = YES;
				CLANG_WARN_BOOL_CONVERSION = YES;
				CLANG_WARN_COMMA = YES;
				CLANG_WARN_CONSTANT_CONVERSION = YES;
				CLANG_WARN_DEPRECATED_OBJC_IMPLEMENTATIONS = YES;
				CLANG_WARN_DIRECT_OBJC_ISA_USAGE = YES_ERROR;
				CLANG_WARN_DOCUMENTATION_COMMENTS = YES;
				CLANG_WARN_EMPTY_BODY = YES;
				CLANG_WARN_ENUM_CONVERSION = YES;
				CLANG_WARN_INFINITE_RECURSION = YES;
				CLANG_WARN_INT_CONVERSION = YES;
				CLANG_WARN_NON_LITERAL_NULL_CONVERSION = YES;
				CLANG_WARN_OBJC_IMPLICIT_RETAIN_SELF = YES;
				CLANG_WARN_OBJC_LITERAL_CONVERSION = YES;
				CLANG_WARN_OBJC_ROOT_CLASS = YES_ERROR;
				CLANG_WARN_QUOTED_INCLUDE_IN_FRAMEWORK_HEADER = YES;
				CLANG_WARN_RANGE_LOOP_ANALYSIS = YES;
				CLANG_WARN_STRICT_PROTOTYPES = YES;
				CLANG_WARN_SUSPICIOUS_MOVE = YES;
				CLANG_WARN_UNGUARDED_AVAILABILITY = YES_AGGRESSIVE;
				CLANG_WARN_UNREACHABLE_CODE = YES;
				CLANG_WARN__DUPLICATE_METHOD_MATCH = YES;
				COPY_PHASE_STRIP = NO;
				DEBUG_INFORMATION_FORMAT = dwarf;
				ENABLE_STRICT_OBJC_MSGSEND = YES;
				ENABLE_TESTABILITY = YES;
				GCC_C_LANGUAGE_STANDARD = gnu11;
				GCC_DYNAMIC_NO_PIC = NO;
				GCC_NO_COMMON_BLOCKS = YES;
				GCC_OPTIMIZATION_LEVEL = 0;
				GCC_PREPROCESSOR_DEFINITIONS = (
					"DEBUG=1",
					"$(inherited)",
				);
				GCC_WARN_64_TO_32_BIT_CONVERSION = YES;
				GCC_WARN_ABOUT_RETURN_TYPE = YES_ERROR;
				GCC_WARN_UNDECLARED_SELECTOR = YES;
				GCC_WARN_UNINITIALIZED_AUTOS = YES_AGGRESSIVE;
				GCC_WARN_UNUSED_FUNCTION = YES;
				GCC_WARN_UNUSED_VARIABLE = YES;
				IPHONEOS_DEPLOYMENT_TARGET = 15.0;
				MTL_ENABLE_DEBUG_INFO = INCLUDE_SOURCE;
				MTL_FAST_MATH = YES;
				ONLY_ACTIVE_ARCH = YES;
				SWIFT_ACTIVE_COMPILATION_CONDITIONS = DEBUG;
				SWIFT_OPTIMIZATION_LEVEL = "-Onone";
			};
			name = Debug;
		};
		A86C65E127D5EFFB00FE38A6 /* Release */ = {
			isa = XCBuildConfiguration;
			buildSettings = {
				ALWAYS_SEARCH_USER_PATHS = NO;
				CLANG_ANALYZER_NONNULL = YES;
				CLANG_ANALYZER_NUMBER_OBJECT_CONVERSION = YES_AGGRESSIVE;
				CLANG_CXX_LANGUAGE_STANDARD = "gnu++17";
				CLANG_CXX_LIBRARY = "libc++";
				CLANG_ENABLE_MODULES = YES;
				CLANG_ENABLE_OBJC_ARC = YES;
				CLANG_ENABLE_OBJC_WEAK = YES;
				CLANG_WARN_BLOCK_CAPTURE_AUTORELEASING = YES;
				CLANG_WARN_BOOL_CONVERSION = YES;
				CLANG_WARN_COMMA = YES;
				CLANG_WARN_CONSTANT_CONVERSION = YES;
				CLANG_WARN_DEPRECATED_OBJC_IMPLEMENTATIONS = YES;
				CLANG_WARN_DIRECT_OBJC_ISA_USAGE = YES_ERROR;
				CLANG_WARN_DOCUMENTATION_COMMENTS = YES;
				CLANG_WARN_EMPTY_BODY = YES;
				CLANG_WARN_ENUM_CONVERSION = YES;
				CLANG_WARN_INFINITE_RECURSION = YES;
				CLANG_WARN_INT_CONVERSION = YES;
				CLANG_WARN_NON_LITERAL_NULL_CONVERSION = YES;
				CLANG_WARN_OBJC_IMPLICIT_RETAIN_SELF = YES;
				CLANG_WARN_OBJC_LITERAL_CONVERSION = YES;
				CLANG_WARN_OBJC_ROOT_CLASS = YES_ERROR;
				CLANG_WARN_QUOTED_INCLUDE_IN_FRAMEWORK_HEADER = YES;
				CLANG_WARN_RANGE_LOOP_ANALYSIS = YES;
				CLANG_WARN_STRICT_PROTOTYPES = YES;
				CLANG_WARN_SUSPICIOUS_MOVE = YES;
				CLANG_WARN_UNGUARDED_AVAILABILITY = YES_AGGRESSIVE;
				CLANG_WARN_UNREACHABLE_CODE = YES;
				CLANG_WARN__DUPLICATE_METHOD_MATCH = YES;
				COPY_PHASE_STRIP = NO;
				DEBUG_INFORMATION_FORMAT = "dwarf-with-dsym";
				ENABLE_NS_ASSERTIONS = NO;
				ENABLE_STRICT_OBJC_MSGSEND = YES;
				GCC_C_LANGUAGE_STANDARD = gnu11;
				GCC_NO_COMMON_BLOCKS = YES;
				GCC_WARN_64_TO_32_BIT_CONVERSION = YES;
				GCC_WARN_ABOUT_RETURN_TYPE = YES_ERROR;
				GCC_WARN_UNDECLARED_SELECTOR = YES;
				GCC_WARN_UNINITIALIZED_AUTOS = YES_AGGRESSIVE;
				GCC_WARN_UNUSED_FUNCTION = YES;
				GCC_WARN_UNUSED_VARIABLE = YES;
				IPHONEOS_DEPLOYMENT_TARGET = 15.0;
				MTL_ENABLE_DEBUG_INFO = NO;
				MTL_FAST_MATH = YES;
				SWIFT_COMPILATION_MODE = wholemodule;
				SWIFT_OPTIMIZATION_LEVEL = "-O";
			};
			name = Release;
		};
		A86C65E327D5EFFB00FE38A6 /* Debug */ = {
			isa = XCBuildConfiguration;
			buildSettings = {
				ASSETCATALOG_COMPILER_APPICON_NAME = AppIcon;
				ASSETCATALOG_COMPILER_GLOBAL_ACCENT_COLOR_NAME = AccentColor;
				CODE_SIGN_STYLE = Automatic;
				CURRENT_PROJECT_VERSION = 1;
				DEVELOPMENT_TEAM = SG9C53KBMD;
				ENABLE_PREVIEWS = YES;
				GENERATE_INFOPLIST_FILE = YES;
				INFOPLIST_FILE = "arhAirport--iOS--Info.plist";
				INFOPLIST_KEY_UIApplicationSceneManifest_Generation = YES;
				INFOPLIST_KEY_UIApplicationSupportsIndirectInputEvents = YES;
				INFOPLIST_KEY_UILaunchScreen_Generation = YES;
				INFOPLIST_KEY_UISupportedInterfaceOrientations = UIInterfaceOrientationPortrait;
				INFOPLIST_KEY_UISupportedInterfaceOrientations_iPad = "UIInterfaceOrientationPortrait UIInterfaceOrientationPortraitUpsideDown UIInterfaceOrientationLandscapeLeft UIInterfaceOrientationLandscapeRight";
				INFOPLIST_KEY_UISupportedInterfaceOrientations_iPhone = "UIInterfaceOrientationPortrait UIInterfaceOrientationLandscapeLeft UIInterfaceOrientationLandscapeRight";
				IPHONEOS_DEPLOYMENT_TARGET = 15.0;
				LD_RUNPATH_SEARCH_PATHS = (
					"$(inherited)",
					"@executable_path/Frameworks",
				);
				MARKETING_VERSION = 1.0;
				PRODUCT_BUNDLE_IDENTIFIER = Nikita.arhAirport;
				PRODUCT_NAME = arhAirport;
				SDKROOT = iphoneos;
				SWIFT_EMIT_LOC_STRINGS = YES;
				SWIFT_VERSION = 5.0;
				TARGETED_DEVICE_FAMILY = 1;
			};
			name = Debug;
		};
		A86C65E427D5EFFB00FE38A6 /* Release */ = {
			isa = XCBuildConfiguration;
			buildSettings = {
				ASSETCATALOG_COMPILER_APPICON_NAME = AppIcon;
				ASSETCATALOG_COMPILER_GLOBAL_ACCENT_COLOR_NAME = AccentColor;
				CODE_SIGN_STYLE = Automatic;
				CURRENT_PROJECT_VERSION = 1;
				DEVELOPMENT_TEAM = SG9C53KBMD;
				ENABLE_PREVIEWS = YES;
				GENERATE_INFOPLIST_FILE = YES;
				INFOPLIST_FILE = "arhAirport--iOS--Info.plist";
				INFOPLIST_KEY_UIApplicationSceneManifest_Generation = YES;
				INFOPLIST_KEY_UIApplicationSupportsIndirectInputEvents = YES;
				INFOPLIST_KEY_UILaunchScreen_Generation = YES;
				INFOPLIST_KEY_UISupportedInterfaceOrientations = UIInterfaceOrientationPortrait;
				INFOPLIST_KEY_UISupportedInterfaceOrientations_iPad = "UIInterfaceOrientationPortrait UIInterfaceOrientationPortraitUpsideDown UIInterfaceOrientationLandscapeLeft UIInterfaceOrientationLandscapeRight";
				INFOPLIST_KEY_UISupportedInterfaceOrientations_iPhone = "UIInterfaceOrientationPortrait UIInterfaceOrientationLandscapeLeft UIInterfaceOrientationLandscapeRight";
				IPHONEOS_DEPLOYMENT_TARGET = 15.0;
				LD_RUNPATH_SEARCH_PATHS = (
					"$(inherited)",
					"@executable_path/Frameworks",
				);
				MARKETING_VERSION = 1.0;
				PRODUCT_BUNDLE_IDENTIFIER = Nikita.arhAirport;
				PRODUCT_NAME = arhAirport;
				SDKROOT = iphoneos;
				SWIFT_EMIT_LOC_STRINGS = YES;
				SWIFT_VERSION = 5.0;
				TARGETED_DEVICE_FAMILY = 1;
				VALIDATE_PRODUCT = YES;
			};
			name = Release;
		};
/* End XCBuildConfiguration section */

/* Begin XCConfigurationList section */
		A86C65C827D5EFF800FE38A6 /* Build configuration list for PBXProject "arhAirport" */ = {
			isa = XCConfigurationList;
			buildConfigurations = (
				A86C65E027D5EFFB00FE38A6 /* Debug */,
				A86C65E127D5EFFB00FE38A6 /* Release */,
			);
			defaultConfigurationIsVisible = 0;
			defaultConfigurationName = Debug;
		};
		A86C65E227D5EFFB00FE38A6 /* Build configuration list for PBXNativeTarget "arhAirport (iOS)" */ = {
			isa = XCConfigurationList;
			buildConfigurations = (
				A86C65E327D5EFFB00FE38A6 /* Debug */,
				A86C65E427D5EFFB00FE38A6 /* Release */,
			);
			defaultConfigurationIsVisible = 0;
			defaultConfigurationName = Debug;
		};
/* End XCConfigurationList section */

/* Begin XCRemoteSwiftPackageReference section */
		A806700F281FC86600407498 /* XCRemoteSwiftPackageReference "Alamofire" */ = {
			isa = XCRemoteSwiftPackageReference;
			repositoryURL = "https://github.com/Alamofire/Alamofire";
			requirement = {
				kind = upToNextMajorVersion;
				minimumVersion = 5.0.0;
			};
		};
		A8A26BF5281FB82700B5365B /* XCRemoteSwiftPackageReference "realm-swift" */ = {
			isa = XCRemoteSwiftPackageReference;
			repositoryURL = "https://github.com/realm/realm-swift";
			requirement = {
				branch = master;
				kind = branch;
			};
		};
		A8A26BFA281FB8A400B5365B /* XCRemoteSwiftPackageReference "Resolver" */ = {
			isa = XCRemoteSwiftPackageReference;
			repositoryURL = "https://github.com/hmlongco/Resolver";
			requirement = {
				branch = master;
				kind = branch;
			};
		};
/* End XCRemoteSwiftPackageReference section */

/* Begin XCSwiftPackageProductDependency section */
		A8067010281FC86600407498 /* Alamofire */ = {
			isa = XCSwiftPackageProductDependency;
			package = A806700F281FC86600407498 /* XCRemoteSwiftPackageReference "Alamofire" */;
			productName = Alamofire;
		};
		A8A26BF1281EADA200B5365B /* Persistant */ = {
			isa = XCSwiftPackageProductDependency;
			productName = Persistant;
		};
		A8A26BF6281FB82700B5365B /* Realm */ = {
			isa = XCSwiftPackageProductDependency;
			package = A8A26BF5281FB82700B5365B /* XCRemoteSwiftPackageReference "realm-swift" */;
			productName = Realm;
		};
		A8A26BF8281FB82700B5365B /* RealmSwift */ = {
			isa = XCSwiftPackageProductDependency;
			package = A8A26BF5281FB82700B5365B /* XCRemoteSwiftPackageReference "realm-swift" */;
			productName = RealmSwift;
		};
		A8A26BFB281FB8A400B5365B /* Resolver */ = {
			isa = XCSwiftPackageProductDependency;
			package = A8A26BFA281FB8A400B5365B /* XCRemoteSwiftPackageReference "Resolver" */;
			productName = Resolver;
		};
/* End XCSwiftPackageProductDependency section */
	};
	rootObject = A86C65C527D5EFF800FE38A6 /* Project object */;
}
